<?xml version="1.0" encoding="utf-8"?>
<Project ToolsVersion="4.0" xmlns="http://schemas.microsoft.com/developer/msbuild/2003">
  <ItemGroup>
    <Filter Include="Source Files">
      <UniqueIdentifier>{4FC737F1-C7A5-4376-A066-2A32D752A2FF}</UniqueIdentifier>
      <Extensions>cpp;c;cc;cxx;def;odl;idl;hpj;bat;asm;asmx</Extensions>
    </Filter>
    <Filter Include="Header Files">
      <UniqueIdentifier>{93995380-89BD-4b04-88EB-625FBE52EBFB}</UniqueIdentifier>
      <Extensions>h;hh;hpp;hxx;hm;inl;inc;xsd</Extensions>
    </Filter>
    <Filter Include="Resource Files">
      <UniqueIdentifier>{67DA6AB6-F800-4c08-8B7A-83BB121AAD01}</UniqueIdentifier>
      <Extensions>rc;ico;cur;bmp;dlg;rc2;rct;bin;rgs;gif;jpg;jpeg;jpe;resx;tiff;tif;png;wav;mfcribbon-ms</Extensions>
    </Filter>
    <Filter Include="Header Files\traffic-objects">
      <UniqueIdentifier>{d61cda67-ccc3-443e-b5b1-cc4fa8470583}</UniqueIdentifier>
    </Filter>
    <Filter Include="Source Files\traffic-objects">
      <UniqueIdentifier>{91bd05ce-9a8f-4f52-bdd3-df61208b1961}</UniqueIdentifier>
    </Filter>
    <Filter Include="Source Files\core">
      <UniqueIdentifier>{d3f50c36-01b6-4fc7-903e-8c41698f69dc}</UniqueIdentifier>
    </Filter>
    <Filter Include="Header Files\core">
      <UniqueIdentifier>{363c2fa1-48a9-4de6-a8bb-9705a9e9f560}</UniqueIdentifier>
    </Filter>
  </ItemGroup>
  <ItemGroup>
    <Text Include="ReadMe.txt" />
  </ItemGroup>
  <ItemGroup>
    <ClInclude Include="stdafx.h">
      <Filter>Header Files</Filter>
    </ClInclude>
    <ClInclude Include="targetver.h">
      <Filter>Header Files</Filter>
    </ClInclude>
    <ClInclude Include="Resource.h">
      <Filter>Header Files</Filter>
    </ClInclude>
    <ClInclude Include="main.h">
      <Filter>Header Files</Filter>
    </ClInclude>
    <ClInclude Include="MainController.h">
      <Filter>Header Files</Filter>
    </ClInclude>
    <ClInclude Include="Sprite.h">
      <Filter>Header Files\traffic-objects</Filter>
    </ClInclude>
    <ClInclude Include="CarObjectA.h">
      <Filter>Header Files\traffic-objects</Filter>
    </ClInclude>
    <ClInclude Include="TrafficLightObject.h">
      <Filter>Header Files\traffic-objects</Filter>
    </ClInclude>
    <ClInclude Include="BackGroundObject.h">
      <Filter>Header Files\traffic-objects</Filter>
    </ClInclude>
    <ClInclude Include="CarObjectB.h">
      <Filter>Header Files\traffic-objects</Filter>
    </ClInclude>
    <ClInclude Include="CarObjectC.h">
      <Filter>Header Files\traffic-objects</Filter>
    </ClInclude>
    <ClInclude Include="CarObjectD.h">
      <Filter>Header Files\traffic-objects</Filter>
    </ClInclude>
    <ClInclude Include="Car.h">
      <Filter>Header Files\core</Filter>
    </ClInclude>
    <ClInclude Include="Road.h">
      <Filter>Header Files\core</Filter>
    </ClInclude>
    <ClInclude Include="Core.h">
      <Filter>Header Files\core</Filter>
    </ClInclude>
    <ClInclude Include="Transaction.h">
      <Filter>Header Files\core</Filter>
    </ClInclude>
    <ClInclude Include="CarObjectAO.h">
      <Filter>Header Files\traffic-objects</Filter>
    </ClInclude>
    <ClInclude Include="CarObjectBO.h">
      <Filter>Header Files\traffic-objects</Filter>
    </ClInclude>
    <ClInclude Include="CarObjectCO.h">
      <Filter>Header Files\traffic-objects</Filter>
    </ClInclude>
    <ClInclude Include="CarObjectDO.h">
      <Filter>Header Files\traffic-objects</Filter>
    </ClInclude>
  </ItemGroup>
  <ItemGroup>
    <ClCompile Include="stdafx.cpp">
      <Filter>Source Files</Filter>
    </ClCompile>
    <ClCompile Include="MainController.cpp">
      <Filter>Source Files</Filter>
    </ClCompile>
    <ClCompile Include="Sprite.cpp">
      <Filter>Source Files\traffic-objects</Filter>
    </ClCompile>
    <ClCompile Include="CarObjectA.cpp">
      <Filter>Source Files\traffic-objects</Filter>
    </ClCompile>
    <ClCompile Include="main.cpp">
      <Filter>Source Files</Filter>
    </ClCompile>
    <ClCompile Include="TrafficLightObject.cpp">
      <Filter>Source Files\traffic-objects</Filter>
    </ClCompile>
    <ClCompile Include="BackGroundObject.cpp">
      <Filter>Source Files\traffic-objects</Filter>
    </ClCompile>
    <ClCompile Include="CarObjectB.cpp">
      <Filter>Source Files\traffic-objects</Filter>
    </ClCompile>
    <ClCompile Include="CarObjectC.cpp">
      <Filter>Source Files\traffic-objects</Filter>
    </ClCompile>
    <ClCompile Include="CarObjectD.cpp">
      <Filter>Source Files\traffic-objects</Filter>
    </ClCompile>
    <ClCompile Include="Car.cpp">
      <Filter>Source Files\core</Filter>
    </ClCompile>
    <ClCompile Include="Core.cpp">
      <Filter>Source Files\core</Filter>
    </ClCompile>
    <ClCompile Include="Transaction.cpp">
      <Filter>Source Files\core</Filter>
    </ClCompile>
  </ItemGroup>
  <ItemGroup>
    <ResourceCompile Include="traffic-simulator.rc">
      <Filter>Resource Files</Filter>
    </ResourceCompile>
  </ItemGroup>
  <ItemGroup>
    <Image Include="small.ico">
      <Filter>Resource Files</Filter>
    </Image>
    <Image Include="traffic-simulator.ico">
      <Filter>Resource Files</Filter>
    </Image>
  </ItemGroup>
</Project>